github.com/chenzhengyue/comm v0.0.0-20200418143605-099292488790 h1:XsPq+rcj2njWCcpmXtcN8Xv9K04P1pS0v77GRMM+zBg=
github.com/chenzhengyue/comm v0.0.0-20200418143605-099292488790/go.mod h1:EyAZwEaNiEY4PiYGxL8mMSM/bXW2ICYjoMfFpNQVPt4=
github.com/chenzhengyue/logger v0.0.0-20200417201020-0122311c54bb h1:RJwb/gkfH0d8s2H5JY7Ol5290o9QqPdqND4jxfvEVOI=
github.com/chenzhengyue/logger v0.0.0-20200417201020-0122311c54bb/go.mod h1:QHl3N7WXKoOGflDRQi1ABvY9FZbfuSYqs0J6kHpxKfg=
